
Microsoft Visual Studio Solution File, Format Version 12.00
# Visual Studio Version 16
VisualStudioVersion = 16.0.30621.155
MinimumVisualStudioVersion = 10.0.40219.1
Project("{FAE04EC0-301F-11D3-BF4B-00C04F79EFBC}") = "oyun_proje", "oyun_proje\oyun_proje.csproj", "{E3DA4BFC-0B09-4ED1-A584-A557D11A4A4A}"
EndProject
Global
	GlobalSection(SolutionConfigurationPlatforms) = preSolution
		Debug|Any CPU = Debug|Any CPU
		Release|Any CPU = Release|Any CPU
	EndGlobalSection
	GlobalSection(ProjectConfigurationPlatforms) = postSolution
		{E3DA4BFC-0B09-4ED1-A584-A557D11A4A4A}.Debug|Any CPU.ActiveCfg = Debug|Any CPU
		{E3DA4BFC-0B09-4ED1-A584-A557D11A4A4A}.Debug|Any CPU.Build.0 = Debug|Any CPU
		{E3DA4BFC-0B09-4ED1-A584-A557D11A4A4A}.Release|Any CPU.ActiveCfg = Release|Any CPU
		{E3DA4BFC-0B09-4ED1-A584-A557D11A4A4A}.Release|Any CPU.Build.0 = Release|Any CPU
	EndGlobalSection
	GlobalSection(SolutionProperties) = preSolution
		HideSolutionNode = FALSE
	EndGlobalSection
	GlobalSection(ExtensibilityGlobals) = postSolution
		SolutionGuid = {9E97CC5A-3865-4F8B-BCAB-109CE421D90E}
	EndGlobalSection
EndGlobal
